
Microsoft Visual Studio Solution File, Format Version 12.00
# Visual Studio Version 17
VisualStudioVersion = 17.10.35122.118
MinimumVisualStudioVersion = 10.0.40219.1
Project("{FAE04EC0-301F-11D3-BF4B-00C04F79EFBC}") = "ArrayPracticeOne", "ArrayPracticeOne\ArrayPracticeOne.csproj", "{C2D083A8-8191-4331-9F8F-3D3F43018D6A}"
EndProject
Global
	GlobalSection(SolutionConfigurationPlatforms) = preSolution
		Debug|Any CPU = Debug|Any CPU
		Release|Any CPU = Release|Any CPU
	EndGlobalSection
	GlobalSection(ProjectConfigurationPlatforms) = postSolution
		{C2D083A8-8191-4331-9F8F-3D3F43018D6A}.Debug|Any CPU.ActiveCfg = Debug|Any CPU
		{C2D083A8-8191-4331-9F8F-3D3F43018D6A}.Debug|Any CPU.Build.0 = Debug|Any CPU
		{C2D083A8-8191-4331-9F8F-3D3F43018D6A}.Release|Any CPU.ActiveCfg = Release|Any CPU
		{C2D083A8-8191-4331-9F8F-3D3F43018D6A}.Release|Any CPU.Build.0 = Release|Any CPU
	EndGlobalSection
	GlobalSection(SolutionProperties) = preSolution
		HideSolutionNode = FALSE
	EndGlobalSection
	GlobalSection(ExtensibilityGlobals) = postSolution
		SolutionGuid = {72DE92D4-7019-4487-AC69-6DDFF3448F6D}
	EndGlobalSection
EndGlobal
